{
  "name": "mr-potato-head",
  "version": "4.0.0",
  "lockfileVersion": 1,
  "requires": true,
  "dependencies": {
    "abbott": {
      "version": "1.1.3",
      "resolved": "https://registry.npmjs.org/abbott/-/abbott-1.1.3.tgz",
      "integrity": "sha1-JvOtm7vb/+LFa1sDdU5ZgasOXlw="
    },
    "righto": {
      "version": "3.2.0",
      "resolved": "https://registry.npmjs.org/righto/-/righto-3.2.0.tgz",
      "integrity": "sha512-aa1GzxyRb39r/jJsFLxOfe3gVkC5Yq2xqlk/G4h15xoMVqTbUs8epADGI05CZc+wypBap1wXy5JumAqMgDc2EQ==",
      "requires": {
        "abbott": "1.1.3"
      }
    }
  }
}
